
Microsoft Visual Studio Solution File, Format Version 12.00
# Visual Studio 15
VisualStudioVersion = 15.0.25807.0
MinimumVisualStudioVersion = 10.0.40219.1
Project("{2150E333-8FDC-42A3-9474-1A3956D46DE8}") = "Engine", "Engine", "{94A6C6F3-99B3-346E-9557-ABF9D4064DBD}"
EndProject
Project("{2150E333-8FDC-42A3-9474-1A3956D46DE8}") = "Games", "Games", "{8E2F6A87-1826-34F4-940C-CC23A48F9FE4}"
EndProject
Project("{8BC9CEB8-8B4A-11D0-8D11-00A0C91BC942}") = "UE4", "Intermediate\ProjectFiles\UE4.vcxproj", "{33529829-CD5C-4EA9-BD80-887B106D60FF}"
EndProject
Project("{8BC9CEB8-8B4A-11D0-8D11-00A0C91BC942}") = "SkyBoxGenerator", "Intermediate\ProjectFiles\SkyBoxGenerator.vcxproj", "{D4C9DC53-8DCE-4874-A184-EE8FD573BEEA}"
EndProject
Project("{2150E333-8FDC-42A3-9474-1A3956D46DE8}") = "Visualizers", "Visualizers", "{1CCEC849-CC72-4C59-8C36-2F7C38706D4C}"
	ProjectSection(SolutionItems) = preProject
		F:\Program Files\Epic Games\UE_4.26\Engine\Extras\VisualStudioDebugging\UE4.natvis = F:\Program Files\Epic Games\UE_4.26\Engine\Extras\VisualStudioDebugging\UE4.natvis
	EndProjectSection
EndProject
Global
	GlobalSection(SolutionConfigurationPlatforms) = preSolution
		DebugGame Editor|Win32 = DebugGame Editor|Win32
		DebugGame Editor|Win64 = DebugGame Editor|Win64
		DebugGame|Win32 = DebugGame|Win32
		DebugGame|Win64 = DebugGame|Win64
		Development Editor|Win32 = Development Editor|Win32
		Development Editor|Win64 = Development Editor|Win64
		Development|Win32 = Development|Win32
		Development|Win64 = Development|Win64
		Shipping|Win32 = Shipping|Win32
		Shipping|Win64 = Shipping|Win64
	EndGlobalSection
	GlobalSection(ProjectConfigurationPlatforms) = postSolution
		{33529829-CD5C-4EA9-BD80-887B106D60FF}.DebugGame Editor|Win32.ActiveCfg = BuiltWithUnrealBuildTool|Win32
		{33529829-CD5C-4EA9-BD80-887B106D60FF}.DebugGame Editor|Win64.ActiveCfg = BuiltWithUnrealBuildTool|Win32
		{33529829-CD5C-4EA9-BD80-887B106D60FF}.DebugGame|Win32.ActiveCfg = BuiltWithUnrealBuildTool|Win32
		{33529829-CD5C-4EA9-BD80-887B106D60FF}.DebugGame|Win64.ActiveCfg = BuiltWithUnrealBuildTool|Win32
		{33529829-CD5C-4EA9-BD80-887B106D60FF}.Development Editor|Win32.ActiveCfg = BuiltWithUnrealBuildTool|Win32
		{33529829-CD5C-4EA9-BD80-887B106D60FF}.Development Editor|Win64.ActiveCfg = BuiltWithUnrealBuildTool|Win32
		{33529829-CD5C-4EA9-BD80-887B106D60FF}.Development|Win32.ActiveCfg = BuiltWithUnrealBuildTool|Win32
		{33529829-CD5C-4EA9-BD80-887B106D60FF}.Development|Win64.ActiveCfg = BuiltWithUnrealBuildTool|Win32
		{33529829-CD5C-4EA9-BD80-887B106D60FF}.Shipping|Win32.ActiveCfg = BuiltWithUnrealBuildTool|Win32
		{33529829-CD5C-4EA9-BD80-887B106D60FF}.Shipping|Win64.ActiveCfg = BuiltWithUnrealBuildTool|Win32
		{D4C9DC53-8DCE-4874-A184-EE8FD573BEEA}.DebugGame Editor|Win32.ActiveCfg = Invalid|Win32
		{D4C9DC53-8DCE-4874-A184-EE8FD573BEEA}.DebugGame Editor|Win64.ActiveCfg = DebugGame_Editor|x64
		{D4C9DC53-8DCE-4874-A184-EE8FD573BEEA}.DebugGame Editor|Win64.Build.0 = DebugGame_Editor|x64
		{D4C9DC53-8DCE-4874-A184-EE8FD573BEEA}.DebugGame|Win32.ActiveCfg = DebugGame|Win32
		{D4C9DC53-8DCE-4874-A184-EE8FD573BEEA}.DebugGame|Win32.Build.0 = DebugGame|Win32
		{D4C9DC53-8DCE-4874-A184-EE8FD573BEEA}.DebugGame|Win64.ActiveCfg = DebugGame|x64
		{D4C9DC53-8DCE-4874-A184-EE8FD573BEEA}.DebugGame|Win64.Build.0 = DebugGame|x64
		{D4C9DC53-8DCE-4874-A184-EE8FD573BEEA}.Development Editor|Win32.ActiveCfg = Invalid|Win32
		{D4C9DC53-8DCE-4874-A184-EE8FD573BEEA}.Development Editor|Win64.ActiveCfg = Development_Editor|x64
		{D4C9DC53-8DCE-4874-A184-EE8FD573BEEA}.Development Editor|Win64.Build.0 = Development_Editor|x64
		{D4C9DC53-8DCE-4874-A184-EE8FD573BEEA}.Development|Win32.ActiveCfg = Development|Win32
		{D4C9DC53-8DCE-4874-A184-EE8FD573BEEA}.Development|Win32.Build.0 = Development|Win32
		{D4C9DC53-8DCE-4874-A184-EE8FD573BEEA}.Development|Win64.ActiveCfg = Development|x64
		{D4C9DC53-8DCE-4874-A184-EE8FD573BEEA}.Development|Win64.Build.0 = Development|x64
		{D4C9DC53-8DCE-4874-A184-EE8FD573BEEA}.Shipping|Win32.ActiveCfg = Shipping|Win32
		{D4C9DC53-8DCE-4874-A184-EE8FD573BEEA}.Shipping|Win32.Build.0 = Shipping|Win32
		{D4C9DC53-8DCE-4874-A184-EE8FD573BEEA}.Shipping|Win64.ActiveCfg = Shipping|x64
		{D4C9DC53-8DCE-4874-A184-EE8FD573BEEA}.Shipping|Win64.Build.0 = Shipping|x64
	EndGlobalSection
	GlobalSection(SolutionProperties) = preSolution
		HideSolutionNode = FALSE
	EndGlobalSection
	GlobalSection(NestedProjects) = preSolution
		{33529829-CD5C-4EA9-BD80-887B106D60FF} = {94A6C6F3-99B3-346E-9557-ABF9D4064DBD}
		{D4C9DC53-8DCE-4874-A184-EE8FD573BEEA} = {8E2F6A87-1826-34F4-940C-CC23A48F9FE4}
	EndGlobalSection
EndGlobal
